{
  "object": {
    "pins": [
      {
        "package": "swift-argument-parser",
        "repositoryURL": "https://github.com/apple/swift-argument-parser",
        "state": {
          "branch": null,
          "revision": "f3c9084a71ef4376f2fabbdf1d3d90a49f1fabdb",
          "version": "1.1.2"
        }
      },
      {
        "package": "Benchmark",
        "repositoryURL": "https://github.com/google/swift-benchmark",
        "state": {
          "branch": null,
          "revision": "8163295f6fe82356b0bcf8e1ab991645de17d096",
          "version": "0.1.2"
        }
      },
      {
        "package": "swift-builders",
        "repositoryURL": "https://github.com/davdroman/swift-builders",
        "state": {
          "branch": null,
          "revision": "967729b6be0cc98496ce70e462932e8dc11e34e6",
          "version": "0.2.0"
        }
      },
      {
        "package": "swift-custom-dump",
        "repositoryURL": "https://github.com/pointfreeco/swift-custom-dump",
        "state": {
          "branch": null,
          "revision": "21ec1d717c07cea5a026979cb0471dd95c7087e7",
          "version": "0.5.0"
        }
      },
      {
        "package": "xctest-dynamic-overlay",
        "repositoryURL": "https://github.com/pointfreeco/xctest-dynamic-overlay",
        "state": {
          "branch": null,
          "revision": "50a70a9d3583fe228ce672e8923010c8df2deddd",
          "version": "0.2.1"
        }
      }
    ]
  },
  "version": 1
}
