{
  "object": {
    "pins": [
      {
        "package": "swift-builders",
        "repositoryURL": "https://github.com/davdroman/swift-builders",
        "state": {
          "branch": null,
          "revision": "08d96a63dd74b8efb87987b177bfe762accf279e",
          "version": "0.1.0"
        }
      },
      {
        "package": "swift-custom-dump",
        "repositoryURL": "https://github.com/pointfreeco/swift-custom-dump",
        "state": {
          "branch": null,
          "revision": "21ec1d717c07cea5a026979cb0471dd95c7087e7",
          "version": "0.5.0"
        }
      },
      {
        "package": "xctest-dynamic-overlay",
        "repositoryURL": "https://github.com/pointfreeco/xctest-dynamic-overlay",
        "state": {
          "branch": null,
          "revision": "50a70a9d3583fe228ce672e8923010c8df2deddd",
          "version": "0.2.1"
        }
      }
    ]
  },
  "version": 1
}
