{
  "pins" : [
    {
      "identity" : "swift-argument-parser",
      "kind" : "remoteSourceControl",
      "location" : "https://github.com/apple/swift-argument-parser",
      "state" : {
        "revision" : "fee6933f37fde9a5e12a1e4aeaa93fe60116ff2a",
        "version" : "1.2.2"
      }
    },
    {
      "identity" : "swift-benchmark",
      "kind" : "remoteSourceControl",
      "location" : "https://github.com/google/swift-benchmark",
      "state" : {
        "revision" : "8163295f6fe82356b0bcf8e1ab991645de17d096",
        "version" : "0.1.2"
      }
    },
    {
      "identity" : "swift-builders",
      "kind" : "remoteSourceControl",
      "location" : "https://github.com/davdroman/swift-builders",
      "state" : {
        "revision" : "72cfbfffd6a56883a3c590a87f88a71c819d6de3",
        "version" : "0.10.0"
      }
    },
    {
      "identity" : "swift-custom-dump",
      "kind" : "remoteSourceControl",
      "location" : "https://github.com/pointfreeco/swift-custom-dump",
      "state" : {
        "revision" : "edd66cace818e1b1c6f1b3349bb1d8e00d6f8b01",
        "version" : "1.0.0"
      }
    },
    {
      "identity" : "xctest-dynamic-overlay",
      "kind" : "remoteSourceControl",
      "location" : "https://github.com/pointfreeco/xctest-dynamic-overlay",
      "state" : {
        "revision" : "23cbf2294e350076ea4dbd7d5d047c1e76b03631",
        "version" : "1.0.2"
      }
    }
  ],
  "version" : 2
}
